
Microsoft Visual Studio Solution File, Format Version 12.00
# Visual Studio Version 17
VisualStudioVersion = 17.9.34728.123
MinimumVisualStudioVersion = 10.0.40219.1
Project("{FAE04EC0-301F-11D3-BF4B-00C04F79EFBC}") = "WebAPITest", "WebAPITest.csproj", "{2E775F32-1705-4C9D-B01D-311288CF7AC2}"
EndProject
Project("{FAE04EC0-301F-11D3-BF4B-00C04F79EFBC}") = "BLL", "..\BLL\BLL.csproj", "{2D432F37-294D-4C42-9AF4-1C3EFDF916AA}"
EndProject
Project("{FAE04EC0-301F-11D3-BF4B-00C04F79EFBC}") = "DAL", "..\DAL\DAL.csproj", "{7E984E68-A44F-4EE6-8032-82121DA26AEF}"
EndProject
Global
	GlobalSection(SolutionConfigurationPlatforms) = preSolution
		Debug|Any CPU = Debug|Any CPU
		Release|Any CPU = Release|Any CPU
	EndGlobalSection
	GlobalSection(ProjectConfigurationPlatforms) = postSolution
		{2E775F32-1705-4C9D-B01D-311288CF7AC2}.Debug|Any CPU.ActiveCfg = Debug|Any CPU
		{2E775F32-1705-4C9D-B01D-311288CF7AC2}.Debug|Any CPU.Build.0 = Debug|Any CPU
		{2E775F32-1705-4C9D-B01D-311288CF7AC2}.Release|Any CPU.ActiveCfg = Release|Any CPU
		{2E775F32-1705-4C9D-B01D-311288CF7AC2}.Release|Any CPU.Build.0 = Release|Any CPU
		{2D432F37-294D-4C42-9AF4-1C3EFDF916AA}.Debug|Any CPU.ActiveCfg = Debug|Any CPU
		{2D432F37-294D-4C42-9AF4-1C3EFDF916AA}.Debug|Any CPU.Build.0 = Debug|Any CPU
		{2D432F37-294D-4C42-9AF4-1C3EFDF916AA}.Release|Any CPU.ActiveCfg = Release|Any CPU
		{2D432F37-294D-4C42-9AF4-1C3EFDF916AA}.Release|Any CPU.Build.0 = Release|Any CPU
		{7E984E68-A44F-4EE6-8032-82121DA26AEF}.Debug|Any CPU.ActiveCfg = Debug|Any CPU
		{7E984E68-A44F-4EE6-8032-82121DA26AEF}.Debug|Any CPU.Build.0 = Debug|Any CPU
		{7E984E68-A44F-4EE6-8032-82121DA26AEF}.Release|Any CPU.ActiveCfg = Release|Any CPU
		{7E984E68-A44F-4EE6-8032-82121DA26AEF}.Release|Any CPU.Build.0 = Release|Any CPU
	EndGlobalSection
	GlobalSection(SolutionProperties) = preSolution
		HideSolutionNode = FALSE
	EndGlobalSection
	GlobalSection(ExtensibilityGlobals) = postSolution
		SolutionGuid = {DF888E56-E1CA-4E81-BE31-15CCF110F4E4}
	EndGlobalSection
EndGlobal
