
Microsoft Visual Studio Solution File, Format Version 12.00
# Visual Studio Version 17
VisualStudioVersion = 17.8.34601.278
MinimumVisualStudioVersion = 10.0.40219.1
Project("{FAE04EC0-301F-11D3-BF4B-00C04F79EFBC}") = "projectManagement", "projectManagement.csproj", "{7175BE96-804E-43B0-A6B6-76EEA3981509}"
EndProject
Global
	GlobalSection(SolutionConfigurationPlatforms) = preSolution
		Debug|Any CPU = Debug|Any CPU
		Release|Any CPU = Release|Any CPU
	EndGlobalSection
	GlobalSection(ProjectConfigurationPlatforms) = postSolution
		{7175BE96-804E-43B0-A6B6-76EEA3981509}.Debug|Any CPU.ActiveCfg = Debug|Any CPU
		{7175BE96-804E-43B0-A6B6-76EEA3981509}.Debug|Any CPU.Build.0 = Debug|Any CPU
		{7175BE96-804E-43B0-A6B6-76EEA3981509}.Release|Any CPU.ActiveCfg = Release|Any CPU
		{7175BE96-804E-43B0-A6B6-76EEA3981509}.Release|Any CPU.Build.0 = Release|Any CPU
	EndGlobalSection
	GlobalSection(SolutionProperties) = preSolution
		HideSolutionNode = FALSE
	EndGlobalSection
	GlobalSection(ExtensibilityGlobals) = postSolution
		SolutionGuid = {21DFBB7D-0EE0-4611-8109-C33626087A0D}
	EndGlobalSection
EndGlobal
