
Microsoft Visual Studio Solution File, Format Version 12.00
# Visual Studio Version 17
VisualStudioVersion = 17.8.34511.84
MinimumVisualStudioVersion = 10.0.40219.1
Project("{FAE04EC0-301F-11D3-BF4B-00C04F79EFBC}") = "Class2Assignment", "Class2Assignment\Class2Assignment.csproj", "{A909DEE8-1868-420F-A646-EC862E826BA6}"
EndProject
Global
	GlobalSection(SolutionConfigurationPlatforms) = preSolution
		Debug|Any CPU = Debug|Any CPU
		Release|Any CPU = Release|Any CPU
	EndGlobalSection
	GlobalSection(ProjectConfigurationPlatforms) = postSolution
		{A909DEE8-1868-420F-A646-EC862E826BA6}.Debug|Any CPU.ActiveCfg = Debug|Any CPU
		{A909DEE8-1868-420F-A646-EC862E826BA6}.Debug|Any CPU.Build.0 = Debug|Any CPU
		{A909DEE8-1868-420F-A646-EC862E826BA6}.Release|Any CPU.ActiveCfg = Release|Any CPU
		{A909DEE8-1868-420F-A646-EC862E826BA6}.Release|Any CPU.Build.0 = Release|Any CPU
	EndGlobalSection
	GlobalSection(SolutionProperties) = preSolution
		HideSolutionNode = FALSE
	EndGlobalSection
	GlobalSection(ExtensibilityGlobals) = postSolution
		SolutionGuid = {51E050CE-4FAE-4597-9981-9B9A936D2AB9}
	EndGlobalSection
EndGlobal
