
Microsoft Visual Studio Solution File, Format Version 12.00
# Visual Studio Version 17
VisualStudioVersion = 17.9.34701.34
MinimumVisualStudioVersion = 10.0.40219.1
Project("{FAE04EC0-301F-11D3-BF4B-00C04F79EFBC}") = "newsPortal", "newsPortal.csproj", "{9CAB8D44-B581-42ED-9D43-6671359D9DC0}"
EndProject
Global
	GlobalSection(SolutionConfigurationPlatforms) = preSolution
		Debug|Any CPU = Debug|Any CPU
		Release|Any CPU = Release|Any CPU
	EndGlobalSection
	GlobalSection(ProjectConfigurationPlatforms) = postSolution
		{9CAB8D44-B581-42ED-9D43-6671359D9DC0}.Debug|Any CPU.ActiveCfg = Debug|Any CPU
		{9CAB8D44-B581-42ED-9D43-6671359D9DC0}.Debug|Any CPU.Build.0 = Debug|Any CPU
		{9CAB8D44-B581-42ED-9D43-6671359D9DC0}.Release|Any CPU.ActiveCfg = Release|Any CPU
		{9CAB8D44-B581-42ED-9D43-6671359D9DC0}.Release|Any CPU.Build.0 = Release|Any CPU
	EndGlobalSection
	GlobalSection(SolutionProperties) = preSolution
		HideSolutionNode = FALSE
	EndGlobalSection
	GlobalSection(ExtensibilityGlobals) = postSolution
		SolutionGuid = {123AD71A-FC8F-43E0-AB70-FCF960FDA027}
	EndGlobalSection
EndGlobal
